{
  "name": "txt2bas",
  "version": "1.0.0",
  "lockfileVersion": 1,
  "requires": true,
  "dependencies": {
    "@remy/unpack": {
      "version": "2.1.3",
      "resolved": "https://registry.npmjs.org/@remy/unpack/-/unpack-2.1.3.tgz",
      "integrity": "sha512-oEc6LjFPn6Qnup7Sp/T3Y/9PsfRNiIoOPUHwQEc+gTQ+aw0v8uh5ilw87B5laN0GHRDZ6USMn2fZSMhO8taqsA=="
    }
  }
}
